// !$*UTF8*$!
{
	archiveVersion = 1;
	classes = {
	};
	objectVersion = 48;
	objects = {

/* Begin PBXBuildFile section */
		12C0721720555094001EE3D9 /* main.cpp in Sources */ = {isa = PBXBuildFile; fileRef = 12C0721620555094001EE3D9 /* main.cpp */; };
		12C0721E205550DF001EE3D9 /* MJWorkQueueTest.cpp in Sources */ = {isa = PBXBuildFile; fileRef = 12C0721D205550DF001EE3D9 /* MJWorkQueueTest.cpp */; };
		12C0722920555AAA001EE3D9 /* MJDeferTest.cpp in Sources */ = {isa = PBXBuildFile; fileRef = 12C0722820555AAA001EE3D9 /* MJDeferTest.cpp */; };
		12C0722E20557405001EE3D9 /* MJExceptionTest.cpp in Sources */ = {isa = PBXBuildFile; fileRef = 12C0722D20557405001EE3D9 /* MJExceptionTest.cpp */; };
/* End PBXBuildFile section */

/* Begin PBXCopyFilesBuildPhase section */
		12C0721120555094001EE3D9 /* CopyFiles */ = {
			isa = PBXCopyFilesBuildPhase;
			buildActionMask = 2147483647;
			dstPath = /usr/share/man/man1/;
			dstSubfolderSpec = 0;
			files = (
			);
			runOnlyForDeploymentPostprocessing = 1;
		};
/* End PBXCopyFilesBuildPhase section */

/* Begin PBXFileReference section */
		12C0721320555094001EE3D9 /* MoonJellySample */ = {isa = PBXFileReference; explicitFileType = "compiled.mach-o.executable"; includeInIndex = 0; path = MoonJellySample; sourceTree = BUILT_PRODUCTS_DIR; };
		12C0721620555094001EE3D9 /* main.cpp */ = {isa = PBXFileReference; lastKnownFileType = sourcecode.cpp.cpp; path = main.cpp; sourceTree = "<group>"; };
		12C0721D205550DF001EE3D9 /* MJWorkQueueTest.cpp */ = {isa = PBXFileReference; lastKnownFileType = sourcecode.cpp.cpp; path = MJWorkQueueTest.cpp; sourceTree = "<group>"; };
		12C072242055530C001EE3D9 /* README.md */ = {isa = PBXFileReference; lastKnownFileType = net.daringfireball.markdown; path = README.md; sourceTree = "<group>"; };
		12C072262055530C001EE3D9 /* MJWorkQueue.hpp */ = {isa = PBXFileReference; lastKnownFileType = sourcecode.cpp.h; path = MJWorkQueue.hpp; sourceTree = "<group>"; };
		12C07227205559FC001EE3D9 /* MJDefer.hpp */ = {isa = PBXFileReference; lastKnownFileType = sourcecode.cpp.h; path = MJDefer.hpp; sourceTree = "<group>"; };
		12C0722820555AAA001EE3D9 /* MJDeferTest.cpp */ = {isa = PBXFileReference; lastKnownFileType = sourcecode.cpp.cpp; path = MJDeferTest.cpp; sourceTree = "<group>"; };
		12C0722D20557405001EE3D9 /* MJExceptionTest.cpp */ = {isa = PBXFileReference; lastKnownFileType = sourcecode.cpp.cpp; path = MJExceptionTest.cpp; sourceTree = "<group>"; };
		12C0722F2055743B001EE3D9 /* MJException.hpp */ = {isa = PBXFileReference; lastKnownFileType = sourcecode.cpp.h; path = MJException.hpp; sourceTree = "<group>"; };
/* End PBXFileReference section */

/* Begin PBXFrameworksBuildPhase section */
		12C0721020555094001EE3D9 /* Frameworks */ = {
			isa = PBXFrameworksBuildPhase;
			buildActionMask = 2147483647;
			files = (
			);
			runOnlyForDeploymentPostprocessing = 0;
		};
/* End PBXFrameworksBuildPhase section */

/* Begin PBXGroup section */
		12C0720A20555094001EE3D9 = {
			isa = PBXGroup;
			children = (
				12C072232055530C001EE3D9 /* Modules */,
				12C0721520555094001EE3D9 /* MoonJellySample */,
				12C0721420555094001EE3D9 /* Products */,
			);
			sourceTree = "<group>";
		};
		12C0721420555094001EE3D9 /* Products */ = {
			isa = PBXGroup;
			children = (
				12C0721320555094001EE3D9 /* MoonJellySample */,
			);
			name = Products;
			sourceTree = "<group>";
		};
		12C0721520555094001EE3D9 /* MoonJellySample */ = {
			isa = PBXGroup;
			children = (
				12C0721620555094001EE3D9 /* main.cpp */,
				12C0722D20557405001EE3D9 /* MJExceptionTest.cpp */,
				12C0722820555AAA001EE3D9 /* MJDeferTest.cpp */,
				12C0721D205550DF001EE3D9 /* MJWorkQueueTest.cpp */,
			);
			path = MoonJellySample;
			sourceTree = "<group>";
		};
		12C072232055530C001EE3D9 /* Modules */ = {
			isa = PBXGroup;
			children = (
				12C072242055530C001EE3D9 /* README.md */,
				12C072252055530C001EE3D9 /* MoonJelly */,
			);
			path = Modules;
			sourceTree = "<group>";
		};
		12C072252055530C001EE3D9 /* MoonJelly */ = {
			isa = PBXGroup;
			children = (
				12C07227205559FC001EE3D9 /* MJDefer.hpp */,
				12C0722F2055743B001EE3D9 /* MJException.hpp */,
				12C072262055530C001EE3D9 /* MJWorkQueue.hpp */,
			);
			path = MoonJelly;
			sourceTree = "<group>";
		};
/* End PBXGroup section */

/* Begin PBXNativeTarget section */
		12C0721220555094001EE3D9 /* MoonJellySample */ = {
			isa = PBXNativeTarget;
			buildConfigurationList = 12C0721A20555094001EE3D9 /* Build configuration list for PBXNativeTarget "MoonJellySample" */;
			buildPhases = (
				12C0720F20555094001EE3D9 /* Sources */,
				12C0721020555094001EE3D9 /* Frameworks */,
				12C0721120555094001EE3D9 /* CopyFiles */,
			);
			buildRules = (
			);
			dependencies = (
			);
			name = MoonJellySample;
			productName = MoonJellySample;
			productReference = 12C0721320555094001EE3D9 /* MoonJellySample */;
			productType = "com.apple.product-type.tool";
		};
/* End PBXNativeTarget section */

/* Begin PBXProject section */
		12C0720B20555094001EE3D9 /* Project object */ = {
			isa = PBXProject;
			attributes = {
				LastUpgradeCheck = 0920;
				ORGANIZATIONNAME = "OTAKE Takayoshi";
				TargetAttributes = {
					12C0721220555094001EE3D9 = {
						CreatedOnToolsVersion = 9.2;
						ProvisioningStyle = Automatic;
					};
				};
			};
			buildConfigurationList = 12C0720E20555094001EE3D9 /* Build configuration list for PBXProject "MoonJellySample" */;
			compatibilityVersion = "Xcode 8.0";
			developmentRegion = en;
			hasScannedForEncodings = 0;
			knownRegions = (
				en,
			);
			mainGroup = 12C0720A20555094001EE3D9;
			productRefGroup = 12C0721420555094001EE3D9 /* Products */;
			projectDirPath = "";
			projectRoot = "";
			targets = (
				12C0721220555094001EE3D9 /* MoonJellySample */,
			);
		};
/* End PBXProject section */

/* Begin PBXSourcesBuildPhase section */
		12C0720F20555094001EE3D9 /* Sources */ = {
			isa = PBXSourcesBuildPhase;
			buildActionMask = 2147483647;
			files = (
				12C0721720555094001EE3D9 /* main.cpp in Sources */,
				12C0721E205550DF001EE3D9 /* MJWorkQueueTest.cpp in Sources */,
				12C0722E20557405001EE3D9 /* MJExceptionTest.cpp in Sources */,
				12C0722920555AAA001EE3D9 /* MJDeferTest.cpp in Sources */,
			);
			runOnlyForDeploymentPostprocessing = 0;
		};
/* End PBXSourcesBuildPhase section */

/* Begin XCBuildConfiguration section */
		12C0721820555094001EE3D9 /* Debug */ = {
			isa = XCBuildConfiguration;
			buildSettings = {
				ALWAYS_SEARCH_USER_PATHS = NO;
				CLANG_ANALYZER_NONNULL = YES;
				CLANG_ANALYZER_NUMBER_OBJECT_CONVERSION = YES_AGGRESSIVE;
				CLANG_CXX_LANGUAGE_STANDARD = "gnu++14";
				CLANG_CXX_LIBRARY = "libc++";
				CLANG_ENABLE_MODULES = YES;
				CLANG_ENABLE_OBJC_ARC = YES;
				CLANG_WARN_BLOCK_CAPTURE_AUTORELEASING = YES;
				CLANG_WARN_BOOL_CONVERSION = YES;
				CLANG_WARN_COMMA = YES;
				CLANG_WARN_CONSTANT_CONVERSION = YES;
				CLANG_WARN_DIRECT_OBJC_ISA_USAGE = YES_ERROR;
				CLANG_WARN_DOCUMENTATION_COMMENTS = YES;
				CLANG_WARN_EMPTY_BODY = YES;
				CLANG_WARN_ENUM_CONVERSION = YES;
				CLANG_WARN_INFINITE_RECURSION = YES;
				CLANG_WARN_INT_CONVERSION = YES;
				CLANG_WARN_NON_LITERAL_NULL_CONVERSION = YES;
				CLANG_WARN_OBJC_LITERAL_CONVERSION = YES;
				CLANG_WARN_OBJC_ROOT_CLASS = YES_ERROR;
				CLANG_WARN_RANGE_LOOP_ANALYSIS = YES;
				CLANG_WARN_STRICT_PROTOTYPES = YES;
				CLANG_WARN_SUSPICIOUS_MOVE = YES;
				CLANG_WARN_UNGUARDED_AVAILABILITY = YES_AGGRESSIVE;
				CLANG_WARN_UNREACHABLE_CODE = YES;
				CLANG_WARN__DUPLICATE_METHOD_MATCH = YES;
				CODE_SIGN_IDENTITY = "Mac Developer";
				COPY_PHASE_STRIP = NO;
				DEBUG_INFORMATION_FORMAT = dwarf;
				ENABLE_STRICT_OBJC_MSGSEND = YES;
				ENABLE_TESTABILITY = YES;
				GCC_C_LANGUAGE_STANDARD = gnu11;
				GCC_DYNAMIC_NO_PIC = NO;
				GCC_NO_COMMON_BLOCKS = YES;
				GCC_OPTIMIZATION_LEVEL = 0;
				GCC_PREPROCESSOR_DEFINITIONS = (
					"DEBUG=1",
					"$(inherited)",
				);
				GCC_WARN_64_TO_32_BIT_CONVERSION = YES;
				GCC_WARN_ABOUT_RETURN_TYPE = YES_ERROR;
				GCC_WARN_UNDECLARED_SELECTOR = YES;
				GCC_WARN_UNINITIALIZED_AUTOS = YES_AGGRESSIVE;
				GCC_WARN_UNUSED_FUNCTION = YES;
				GCC_WARN_UNUSED_VARIABLE = YES;
				MACOSX_DEPLOYMENT_TARGET = 10.13;
				MTL_ENABLE_DEBUG_INFO = YES;
				ONLY_ACTIVE_ARCH = YES;
				SDKROOT = macosx;
			};
			name = Debug;
		};
		12C0721920555094001EE3D9 /* Release */ = {
			isa = XCBuildConfiguration;
			buildSettings = {
				ALWAYS_SEARCH_USER_PATHS = NO;
				CLANG_ANALYZER_NONNULL = YES;
				CLANG_ANALYZER_NUMBER_OBJECT_CONVERSION = YES_AGGRESSIVE;
				CLANG_CXX_LANGUAGE_STANDARD = "gnu++14";
				CLANG_CXX_LIBRARY = "libc++";
				CLANG_ENABLE_MODULES = YES;
				CLANG_ENABLE_OBJC_ARC = YES;
				CLANG_WARN_BLOCK_CAPTURE_AUTORELEASING = YES;
				CLANG_WARN_BOOL_CONVERSION = YES;
				CLANG_WARN_COMMA = YES;
				CLANG_WARN_CONSTANT_CONVERSION = YES;
				CLANG_WARN_DIRECT_OBJC_ISA_USAGE = YES_ERROR;
				CLANG_WARN_DOCUMENTATION_COMMENTS = YES;
				CLANG_WARN_EMPTY_BODY = YES;
				CLANG_WARN_ENUM_CONVERSION = YES;
				CLANG_WARN_INFINITE_RECURSION = YES;
				CLANG_WARN_INT_CONVERSION = YES;
				CLANG_WARN_NON_LITERAL_NULL_CONVERSION = YES;
				CLANG_WARN_OBJC_LITERAL_CONVERSION = YES;
				CLANG_WARN_OBJC_ROOT_CLASS = YES_ERROR;
				CLANG_WARN_RANGE_LOOP_ANALYSIS = YES;
				CLANG_WARN_STRICT_PROTOTYPES = YES;
				CLANG_WARN_SUSPICIOUS_MOVE = YES;
				CLANG_WARN_UNGUARDED_AVAILABILITY = YES_AGGRESSIVE;
				CLANG_WARN_UNREACHABLE_CODE = YES;
				CLANG_WARN__DUPLICATE_METHOD_MATCH = YES;
				CODE_SIGN_IDENTITY = "Mac Developer";
				COPY_PHASE_STRIP = NO;
				DEBUG_INFORMATION_FORMAT = "dwarf-with-dsym";
				ENABLE_NS_ASSERTIONS = NO;
				ENABLE_STRICT_OBJC_MSGSEND = YES;
				GCC_C_LANGUAGE_STANDARD = gnu11;
				GCC_NO_COMMON_BLOCKS = YES;
				GCC_WARN_64_TO_32_BIT_CONVERSION = YES;
				GCC_WARN_ABOUT_RETURN_TYPE = YES_ERROR;
				GCC_WARN_UNDECLARED_SELECTOR = YES;
				GCC_WARN_UNINITIALIZED_AUTOS = YES_AGGRESSIVE;
				GCC_WARN_UNUSED_FUNCTION = YES;
				GCC_WARN_UNUSED_VARIABLE = YES;
				MACOSX_DEPLOYMENT_TARGET = 10.13;
				MTL_ENABLE_DEBUG_INFO = NO;
				SDKROOT = macosx;
			};
			name = Release;
		};
		12C0721B20555094001EE3D9 /* Debug */ = {
			isa = XCBuildConfiguration;
			buildSettings = {
				CLANG_CXX_LANGUAGE_STANDARD = "c++17";
				CODE_SIGN_STYLE = Automatic;
				DEVELOPMENT_TEAM = 78NCYGV39H;
				PRODUCT_NAME = "$(TARGET_NAME)";
				USER_HEADER_SEARCH_PATHS = $SRCROOT/Modules;
			};
			name = Debug;
		};
		12C0721C20555094001EE3D9 /* Release */ = {
			isa = XCBuildConfiguration;
			buildSettings = {
				CLANG_CXX_LANGUAGE_STANDARD = "c++17";
				CODE_SIGN_STYLE = Automatic;
				DEVELOPMENT_TEAM = 78NCYGV39H;
				PRODUCT_NAME = "$(TARGET_NAME)";
				USER_HEADER_SEARCH_PATHS = $SRCROOT/Modules;
			};
			name = Release;
		};
/* End XCBuildConfiguration section */

/* Begin XCConfigurationList section */
		12C0720E20555094001EE3D9 /* Build configuration list for PBXProject "MoonJellySample" */ = {
			isa = XCConfigurationList;
			buildConfigurations = (
				12C0721820555094001EE3D9 /* Debug */,
				12C0721920555094001EE3D9 /* Release */,
			);
			defaultConfigurationIsVisible = 0;
			defaultConfigurationName = Release;
		};
		12C0721A20555094001EE3D9 /* Build configuration list for PBXNativeTarget "MoonJellySample" */ = {
			isa = XCConfigurationList;
			buildConfigurations = (
				12C0721B20555094001EE3D9 /* Debug */,
				12C0721C20555094001EE3D9 /* Release */,
			);
			defaultConfigurationIsVisible = 0;
			defaultConfigurationName = Release;
		};
/* End XCConfigurationList section */
	};
	rootObject = 12C0720B20555094001EE3D9 /* Project object */;
}
